
Microsoft Visual Studio Solution File, Format Version 12.00
# Visual Studio Version 16
VisualStudioVersion = 16.0.29613.14
MinimumVisualStudioVersion = 10.0.40219.1
Project("{9A19103F-16F7-4668-BE54-9A1E7A4F7556}") = "RSSreader", "WebApplication1\RSSreader.csproj", "{89F4B108-EFAD-4937-A765-8CA3C66A0845}"
EndProject
Global
	GlobalSection(SolutionConfigurationPlatforms) = preSolution
		Debug|Any CPU = Debug|Any CPU
		Release|Any CPU = Release|Any CPU
	EndGlobalSection
	GlobalSection(ProjectConfigurationPlatforms) = postSolution
		{89F4B108-EFAD-4937-A765-8CA3C66A0845}.Debug|Any CPU.ActiveCfg = Debug|Any CPU
		{89F4B108-EFAD-4937-A765-8CA3C66A0845}.Debug|Any CPU.Build.0 = Debug|Any CPU
		{89F4B108-EFAD-4937-A765-8CA3C66A0845}.Release|Any CPU.ActiveCfg = Release|Any CPU
		{89F4B108-EFAD-4937-A765-8CA3C66A0845}.Release|Any CPU.Build.0 = Release|Any CPU
	EndGlobalSection
	GlobalSection(SolutionProperties) = preSolution
		HideSolutionNode = FALSE
	EndGlobalSection
	GlobalSection(ExtensibilityGlobals) = postSolution
		SolutionGuid = {F44CC16F-22EB-4D84-B142-5AB9467798E1}
	EndGlobalSection
EndGlobal
